
Microsoft Visual Studio Solution File, Format Version 12.00
# Visual Studio Version 17
VisualStudioVersion = 17.0.31903.59
MinimumVisualStudioVersion = 10.0.40219.1
Project("{FAE04EC0-301F-11D3-BF4B-00C04F79EFBC}") = "Task_15", "Task_15\Task_15.csproj", "{ADF13E88-50F8-448F-A6F3-06A38782B7A7}"
EndProject
Global
	GlobalSection(SolutionConfigurationPlatforms) = preSolution
		Debug|Any CPU = Debug|Any CPU
		Release|Any CPU = Release|Any CPU
	EndGlobalSection
	GlobalSection(ProjectConfigurationPlatforms) = postSolution
		{ADF13E88-50F8-448F-A6F3-06A38782B7A7}.Debug|Any CPU.ActiveCfg = Debug|Any CPU
		{ADF13E88-50F8-448F-A6F3-06A38782B7A7}.Debug|Any CPU.Build.0 = Debug|Any CPU
		{ADF13E88-50F8-448F-A6F3-06A38782B7A7}.Release|Any CPU.ActiveCfg = Release|Any CPU
		{ADF13E88-50F8-448F-A6F3-06A38782B7A7}.Release|Any CPU.Build.0 = Release|Any CPU
	EndGlobalSection
	GlobalSection(SolutionProperties) = preSolution
		HideSolutionNode = FALSE
	EndGlobalSection
	GlobalSection(ExtensibilityGlobals) = postSolution
		SolutionGuid = {FA7FAA39-85CF-4D9B-9100-10DEB1002F3D}
	EndGlobalSection
EndGlobal
